
Microsoft Visual Studio Solution File, Format Version 12.00
# Visual Studio Version 16
VisualStudioVersion = 16.0.31911.196
MinimumVisualStudioVersion = 10.0.40219.1
Project("{8BC9CEB8-8B4A-11D0-8D11-00A0C91BC942}") = "python3x", "python3x.vcxproj", "{9C4C423C-D378-4C8E-BD72-15FACB0D81D6}"
EndProject
Project("{8BC9CEB8-8B4A-11D0-8D11-00A0C91BC942}") = "python3xtest", "python3xtest.vcxproj", "{712DCEED-2E55-4B80-ADD6-CC485F62C70F}"
EndProject
Global
	GlobalSection(SolutionConfigurationPlatforms) = preSolution
		Debug|x64 = Debug|x64
		Debug|x86 = Debug|x86
		Release|x64 = Release|x64
		Release|x86 = Release|x86
	EndGlobalSection
	GlobalSection(ProjectConfigurationPlatforms) = postSolution
		{9C4C423C-D378-4C8E-BD72-15FACB0D81D6}.Debug|x64.ActiveCfg = Debug|x64
		{9C4C423C-D378-4C8E-BD72-15FACB0D81D6}.Debug|x64.Build.0 = Debug|x64
		{9C4C423C-D378-4C8E-BD72-15FACB0D81D6}.Debug|x86.ActiveCfg = Debug|Win32
		{9C4C423C-D378-4C8E-BD72-15FACB0D81D6}.Debug|x86.Build.0 = Debug|Win32
		{9C4C423C-D378-4C8E-BD72-15FACB0D81D6}.Release|x64.ActiveCfg = Release|x64
		{9C4C423C-D378-4C8E-BD72-15FACB0D81D6}.Release|x64.Build.0 = Release|x64
		{9C4C423C-D378-4C8E-BD72-15FACB0D81D6}.Release|x86.ActiveCfg = Release|Win32
		{9C4C423C-D378-4C8E-BD72-15FACB0D81D6}.Release|x86.Build.0 = Release|Win32
		{712DCEED-2E55-4B80-ADD6-CC485F62C70F}.Debug|x64.ActiveCfg = Debug|x64
		{712DCEED-2E55-4B80-ADD6-CC485F62C70F}.Debug|x64.Build.0 = Debug|x64
		{712DCEED-2E55-4B80-ADD6-CC485F62C70F}.Debug|x86.ActiveCfg = Debug|Win32
		{712DCEED-2E55-4B80-ADD6-CC485F62C70F}.Debug|x86.Build.0 = Debug|Win32
		{712DCEED-2E55-4B80-ADD6-CC485F62C70F}.Release|x64.ActiveCfg = Release|x64
		{712DCEED-2E55-4B80-ADD6-CC485F62C70F}.Release|x64.Build.0 = Release|x64
		{712DCEED-2E55-4B80-ADD6-CC485F62C70F}.Release|x86.ActiveCfg = Release|Win32
		{712DCEED-2E55-4B80-ADD6-CC485F62C70F}.Release|x86.Build.0 = Release|Win32
	EndGlobalSection
	GlobalSection(SolutionProperties) = preSolution
		HideSolutionNode = FALSE
	EndGlobalSection
	GlobalSection(ExtensibilityGlobals) = postSolution
		SolutionGuid = {F0B3394A-F15E-4688-B38F-120F3738C139}
	EndGlobalSection
EndGlobal
